// !$*UTF8*$!
{
	archiveVersion = 1;
	classes = {
	};
	objectVersion = 77;
	objects = {

/* Begin PBXBuildFile section */
		307C796F5462B9609C900920 /* Pods_NewsReader_NewsReaderUITests.framework in Frameworks */ = {isa = PBXBuildFile; fileRef = 0B6D7DD9E009EFB183355DD6 /* Pods_NewsReader_NewsReaderUITests.framework */; };
		87973739ED7A87DE603DECB1 /* Pods_NewsReader.framework in Frameworks */ = {isa = PBXBuildFile; fileRef = 813F3BBE547AE430884313C6 /* Pods_NewsReader.framework */; };
		A6AE5AF3F49AA8704ACCAF5D /* Pods_NewsReaderTests.framework in Frameworks */ = {isa = PBXBuildFile; fileRef = 58D3996D7F426E6B9429E395 /* Pods_NewsReaderTests.framework */; };
/* End PBXBuildFile section */

/* Begin PBXContainerItemProxy section */
		7E8D9B832CFCEDC3007BE67A /* PBXContainerItemProxy */ = {
			isa = PBXContainerItemProxy;
			containerPortal = 7E8D9B642CFCEDC0007BE67A /* Project object */;
			proxyType = 1;
			remoteGlobalIDString = 7E8D9B6B2CFCEDC0007BE67A;
			remoteInfo = NewsReader;
		};
		7E8D9B8D2CFCEDC3007BE67A /* PBXContainerItemProxy */ = {
			isa = PBXContainerItemProxy;
			containerPortal = 7E8D9B642CFCEDC0007BE67A /* Project object */;
			proxyType = 1;
			remoteGlobalIDString = 7E8D9B6B2CFCEDC0007BE67A;
			remoteInfo = NewsReader;
		};
/* End PBXContainerItemProxy section */

/* Begin PBXFileReference section */
		06193F4674BE16E38917E1D8 /* Pods-NewsReader-NewsReaderUITests.debug.xcconfig */ = {isa = PBXFileReference; includeInIndex = 1; lastKnownFileType = text.xcconfig; name = "Pods-NewsReader-NewsReaderUITests.debug.xcconfig"; path = "Target Support Files/Pods-NewsReader-NewsReaderUITests/Pods-NewsReader-NewsReaderUITests.debug.xcconfig"; sourceTree = "<group>"; };
		08B453C572867993D757BB71 /* Pods-NewsReaderTests.release.xcconfig */ = {isa = PBXFileReference; includeInIndex = 1; lastKnownFileType = text.xcconfig; name = "Pods-NewsReaderTests.release.xcconfig"; path = "Target Support Files/Pods-NewsReaderTests/Pods-NewsReaderTests.release.xcconfig"; sourceTree = "<group>"; };
		0B6D7DD9E009EFB183355DD6 /* Pods_NewsReader_NewsReaderUITests.framework */ = {isa = PBXFileReference; explicitFileType = wrapper.framework; includeInIndex = 0; path = Pods_NewsReader_NewsReaderUITests.framework; sourceTree = BUILT_PRODUCTS_DIR; };
		1C60CEFE33EDDA4AE0CBCDB2 /* Pods-NewsReader-NewsReaderUITests.release.xcconfig */ = {isa = PBXFileReference; includeInIndex = 1; lastKnownFileType = text.xcconfig; name = "Pods-NewsReader-NewsReaderUITests.release.xcconfig"; path = "Target Support Files/Pods-NewsReader-NewsReaderUITests/Pods-NewsReader-NewsReaderUITests.release.xcconfig"; sourceTree = "<group>"; };
		1F7F5B6A992C7007C96DB7FA /* Pods-NewsReaderTests.debug.xcconfig */ = {isa = PBXFileReference; includeInIndex = 1; lastKnownFileType = text.xcconfig; name = "Pods-NewsReaderTests.debug.xcconfig"; path = "Target Support Files/Pods-NewsReaderTests/Pods-NewsReaderTests.debug.xcconfig"; sourceTree = "<group>"; };
		558710203BE71DD9557638A2 /* Pods-NewsReader.release.xcconfig */ = {isa = PBXFileReference; includeInIndex = 1; lastKnownFileType = text.xcconfig; name = "Pods-NewsReader.release.xcconfig"; path = "Target Support Files/Pods-NewsReader/Pods-NewsReader.release.xcconfig"; sourceTree = "<group>"; };
		58D3996D7F426E6B9429E395 /* Pods_NewsReaderTests.framework */ = {isa = PBXFileReference; explicitFileType = wrapper.framework; includeInIndex = 0; path = Pods_NewsReaderTests.framework; sourceTree = BUILT_PRODUCTS_DIR; };
		7E8D9B6C2CFCEDC0007BE67A /* NewsReader.app */ = {isa = PBXFileReference; explicitFileType = wrapper.application; includeInIndex = 0; path = NewsReader.app; sourceTree = BUILT_PRODUCTS_DIR; };
		7E8D9B822CFCEDC3007BE67A /* NewsReaderTests.xctest */ = {isa = PBXFileReference; explicitFileType = wrapper.cfbundle; includeInIndex = 0; path = NewsReaderTests.xctest; sourceTree = BUILT_PRODUCTS_DIR; };
		7E8D9B8C2CFCEDC3007BE67A /* NewsReaderUITests.xctest */ = {isa = PBXFileReference; explicitFileType = wrapper.cfbundle; includeInIndex = 0; path = NewsReaderUITests.xctest; sourceTree = BUILT_PRODUCTS_DIR; };
		813F3BBE547AE430884313C6 /* Pods_NewsReader.framework */ = {isa = PBXFileReference; explicitFileType = wrapper.framework; includeInIndex = 0; path = Pods_NewsReader.framework; sourceTree = BUILT_PRODUCTS_DIR; };
		9A22EB67AA2EB16D6DAB4B2B /* Pods-NewsReader.debug.xcconfig */ = {isa = PBXFileReference; includeInIndex = 1; lastKnownFileType = text.xcconfig; name = "Pods-NewsReader.debug.xcconfig"; path = "Target Support Files/Pods-NewsReader/Pods-NewsReader.debug.xcconfig"; sourceTree = "<group>"; };
/* End PBXFileReference section */

/* Begin PBXFileSystemSynchronizedBuildFileExceptionSet section */
		7E8D9B942CFCEDC3007BE67A /* Exceptions for "NewsReader" folder in "NewsReader" target */ = {
			isa = PBXFileSystemSynchronizedBuildFileExceptionSet;
			membershipExceptions = (
				Info.plist,
			);
			target = 7E8D9B6B2CFCEDC0007BE67A /* NewsReader */;
		};
/* End PBXFileSystemSynchronizedBuildFileExceptionSet section */

/* Begin PBXFileSystemSynchronizedRootGroup section */
		7E8D9B6E2CFCEDC0007BE67A /* NewsReader */ = {
			isa = PBXFileSystemSynchronizedRootGroup;
			exceptions = (
				7E8D9B942CFCEDC3007BE67A /* Exceptions for "NewsReader" folder in "NewsReader" target */,
			);
			path = NewsReader;
			sourceTree = "<group>";
		};
		7E8D9B852CFCEDC3007BE67A /* NewsReaderTests */ = {
			isa = PBXFileSystemSynchronizedRootGroup;
			path = NewsReaderTests;
			sourceTree = "<group>";
		};
		7E8D9B8F2CFCEDC3007BE67A /* NewsReaderUITests */ = {
			isa = PBXFileSystemSynchronizedRootGroup;
			path = NewsReaderUITests;
			sourceTree = "<group>";
		};
/* End PBXFileSystemSynchronizedRootGroup section */

/* Begin PBXFrameworksBuildPhase section */
		7E8D9B692CFCEDC0007BE67A /* Frameworks */ = {
			isa = PBXFrameworksBuildPhase;
			buildActionMask = 2147483647;
			files = (
				87973739ED7A87DE603DECB1 /* Pods_NewsReader.framework in Frameworks */,
			);
			runOnlyForDeploymentPostprocessing = 0;
		};
		7E8D9B7F2CFCEDC3007BE67A /* Frameworks */ = {
			isa = PBXFrameworksBuildPhase;
			buildActionMask = 2147483647;
			files = (
				A6AE5AF3F49AA8704ACCAF5D /* Pods_NewsReaderTests.framework in Frameworks */,
			);
			runOnlyForDeploymentPostprocessing = 0;
		};
		7E8D9B892CFCEDC3007BE67A /* Frameworks */ = {
			isa = PBXFrameworksBuildPhase;
			buildActionMask = 2147483647;
			files = (
				307C796F5462B9609C900920 /* Pods_NewsReader_NewsReaderUITests.framework in Frameworks */,
			);
			runOnlyForDeploymentPostprocessing = 0;
		};
/* End PBXFrameworksBuildPhase section */

/* Begin PBXGroup section */
		741FCB5798DEB55ACD998C72 /* Frameworks */ = {
			isa = PBXGroup;
			children = (
				813F3BBE547AE430884313C6 /* Pods_NewsReader.framework */,
				0B6D7DD9E009EFB183355DD6 /* Pods_NewsReader_NewsReaderUITests.framework */,
				58D3996D7F426E6B9429E395 /* Pods_NewsReaderTests.framework */,
			);
			name = Frameworks;
			sourceTree = "<group>";
		};
		7E8D9B632CFCEDC0007BE67A = {
			isa = PBXGroup;
			children = (
				7E8D9B6E2CFCEDC0007BE67A /* NewsReader */,
				7E8D9B852CFCEDC3007BE67A /* NewsReaderTests */,
				7E8D9B8F2CFCEDC3007BE67A /* NewsReaderUITests */,
				7E8D9B6D2CFCEDC0007BE67A /* Products */,
				AF9974237CC47BA306167985 /* Pods */,
				741FCB5798DEB55ACD998C72 /* Frameworks */,
			);
			sourceTree = "<group>";
		};
		7E8D9B6D2CFCEDC0007BE67A /* Products */ = {
			isa = PBXGroup;
			children = (
				7E8D9B6C2CFCEDC0007BE67A /* NewsReader.app */,
				7E8D9B822CFCEDC3007BE67A /* NewsReaderTests.xctest */,
				7E8D9B8C2CFCEDC3007BE67A /* NewsReaderUITests.xctest */,
			);
			name = Products;
			sourceTree = "<group>";
		};
		AF9974237CC47BA306167985 /* Pods */ = {
			isa = PBXGroup;
			children = (
				9A22EB67AA2EB16D6DAB4B2B /* Pods-NewsReader.debug.xcconfig */,
				558710203BE71DD9557638A2 /* Pods-NewsReader.release.xcconfig */,
				06193F4674BE16E38917E1D8 /* Pods-NewsReader-NewsReaderUITests.debug.xcconfig */,
				1C60CEFE33EDDA4AE0CBCDB2 /* Pods-NewsReader-NewsReaderUITests.release.xcconfig */,
				1F7F5B6A992C7007C96DB7FA /* Pods-NewsReaderTests.debug.xcconfig */,
				08B453C572867993D757BB71 /* Pods-NewsReaderTests.release.xcconfig */,
			);
			path = Pods;
			sourceTree = "<group>";
		};
/* End PBXGroup section */

/* Begin PBXNativeTarget section */
		7E8D9B6B2CFCEDC0007BE67A /* NewsReader */ = {
			isa = PBXNativeTarget;
			buildConfigurationList = 7E8D9B952CFCEDC3007BE67A /* Build configuration list for PBXNativeTarget "NewsReader" */;
			buildPhases = (
				E87DFAC45CC44819BF4D1183 /* [CP] Check Pods Manifest.lock */,
				7E8D9B682CFCEDC0007BE67A /* Sources */,
				7E8D9B692CFCEDC0007BE67A /* Frameworks */,
				7E8D9B6A2CFCEDC0007BE67A /* Resources */,
				86F7121080E72BB7656060C4 /* [CP] Embed Pods Frameworks */,
			);
			buildRules = (
			);
			dependencies = (
			);
			fileSystemSynchronizedGroups = (
				7E8D9B6E2CFCEDC0007BE67A /* NewsReader */,
			);
			name = NewsReader;
			productName = NewsReader;
			productReference = 7E8D9B6C2CFCEDC0007BE67A /* NewsReader.app */;
			productType = "com.apple.product-type.application";
		};
		7E8D9B812CFCEDC3007BE67A /* NewsReaderTests */ = {
			isa = PBXNativeTarget;
			buildConfigurationList = 7E8D9B9A2CFCEDC3007BE67A /* Build configuration list for PBXNativeTarget "NewsReaderTests" */;
			buildPhases = (
				68C47CF6A365EC774862FC8B /* [CP] Check Pods Manifest.lock */,
				7E8D9B7E2CFCEDC3007BE67A /* Sources */,
				7E8D9B7F2CFCEDC3007BE67A /* Frameworks */,
				7E8D9B802CFCEDC3007BE67A /* Resources */,
			);
			buildRules = (
			);
			dependencies = (
				7E8D9B842CFCEDC3007BE67A /* PBXTargetDependency */,
			);
			fileSystemSynchronizedGroups = (
				7E8D9B852CFCEDC3007BE67A /* NewsReaderTests */,
			);
			name = NewsReaderTests;
			productName = NewsReaderTests;
			productReference = 7E8D9B822CFCEDC3007BE67A /* NewsReaderTests.xctest */;
			productType = "com.apple.product-type.bundle.unit-test";
		};
		7E8D9B8B2CFCEDC3007BE67A /* NewsReaderUITests */ = {
			isa = PBXNativeTarget;
			buildConfigurationList = 7E8D9B9D2CFCEDC3007BE67A /* Build configuration list for PBXNativeTarget "NewsReaderUITests" */;
			buildPhases = (
				D0403778C945C8E5FAF20DC6 /* [CP] Check Pods Manifest.lock */,
				7E8D9B882CFCEDC3007BE67A /* Sources */,
				7E8D9B892CFCEDC3007BE67A /* Frameworks */,
				7E8D9B8A2CFCEDC3007BE67A /* Resources */,
				39004527BD58FF4F6CBEC3DE /* [CP] Embed Pods Frameworks */,
			);
			buildRules = (
			);
			dependencies = (
				7E8D9B8E2CFCEDC3007BE67A /* PBXTargetDependency */,
			);
			fileSystemSynchronizedGroups = (
				7E8D9B8F2CFCEDC3007BE67A /* NewsReaderUITests */,
			);
			name = NewsReaderUITests;
			productName = NewsReaderUITests;
			productReference = 7E8D9B8C2CFCEDC3007BE67A /* NewsReaderUITests.xctest */;
			productType = "com.apple.product-type.bundle.ui-testing";
		};
/* End PBXNativeTarget section */

/* Begin PBXProject section */
		7E8D9B642CFCEDC0007BE67A /* Project object */ = {
			isa = PBXProject;
			attributes = {
				BuildIndependentTargetsInParallel = 1;
				LastSwiftUpdateCheck = 1610;
				LastUpgradeCheck = 1610;
				TargetAttributes = {
					7E8D9B6B2CFCEDC0007BE67A = {
						CreatedOnToolsVersion = 16.1;
					};
					7E8D9B812CFCEDC3007BE67A = {
						CreatedOnToolsVersion = 16.1;
						TestTargetID = 7E8D9B6B2CFCEDC0007BE67A;
					};
					7E8D9B8B2CFCEDC3007BE67A = {
						CreatedOnToolsVersion = 16.1;
						TestTargetID = 7E8D9B6B2CFCEDC0007BE67A;
					};
				};
			};
			buildConfigurationList = 7E8D9B672CFCEDC0007BE67A /* Build configuration list for PBXProject "NewsReader" */;
			developmentRegion = en;
			hasScannedForEncodings = 0;
			knownRegions = (
				en,
				Base,
			);
			mainGroup = 7E8D9B632CFCEDC0007BE67A;
			minimizedProjectReferenceProxies = 1;
			preferredProjectObjectVersion = 77;
			productRefGroup = 7E8D9B6D2CFCEDC0007BE67A /* Products */;
			projectDirPath = "";
			projectRoot = "";
			targets = (
				7E8D9B6B2CFCEDC0007BE67A /* NewsReader */,
				7E8D9B812CFCEDC3007BE67A /* NewsReaderTests */,
				7E8D9B8B2CFCEDC3007BE67A /* NewsReaderUITests */,
			);
		};
/* End PBXProject section */

/* Begin PBXResourcesBuildPhase section */
		7E8D9B6A2CFCEDC0007BE67A /* Resources */ = {
			isa = PBXResourcesBuildPhase;
			buildActionMask = 2147483647;
			files = (
			);
			runOnlyForDeploymentPostprocessing = 0;
		};
		7E8D9B802CFCEDC3007BE67A /* Resources */ = {
			isa = PBXResourcesBuildPhase;
			buildActionMask = 2147483647;
			files = (
			);
			runOnlyForDeploymentPostprocessing = 0;
		};
		7E8D9B8A2CFCEDC3007BE67A /* Resources */ = {
			isa = PBXResourcesBuildPhase;
			buildActionMask = 2147483647;
			files = (
			);
			runOnlyForDeploymentPostprocessing = 0;
		};
/* End PBXResourcesBuildPhase section */

/* Begin PBXShellScriptBuildPhase section */
		39004527BD58FF4F6CBEC3DE /* [CP] Embed Pods Frameworks */ = {
			isa = PBXShellScriptBuildPhase;
			buildActionMask = 2147483647;
			files = (
			);
			inputFileListPaths = (
				"${PODS_ROOT}/Target Support Files/Pods-NewsReader-NewsReaderUITests/Pods-NewsReader-NewsReaderUITests-frameworks-${CONFIGURATION}-input-files.xcfilelist",
			);
			name = "[CP] Embed Pods Frameworks";
			outputFileListPaths = (
				"${PODS_ROOT}/Target Support Files/Pods-NewsReader-NewsReaderUITests/Pods-NewsReader-NewsReaderUITests-frameworks-${CONFIGURATION}-output-files.xcfilelist",
			);
			runOnlyForDeploymentPostprocessing = 0;
			shellPath = /bin/sh;
			shellScript = "\"${PODS_ROOT}/Target Support Files/Pods-NewsReader-NewsReaderUITests/Pods-NewsReader-NewsReaderUITests-frameworks.sh\"\n";
			showEnvVarsInLog = 0;
		};
		68C47CF6A365EC774862FC8B /* [CP] Check Pods Manifest.lock */ = {
			isa = PBXShellScriptBuildPhase;
			buildActionMask = 2147483647;
			files = (
			);
			inputFileListPaths = (
			);
			inputPaths = (
				"${PODS_PODFILE_DIR_PATH}/Podfile.lock",
				"${PODS_ROOT}/Manifest.lock",
			);
			name = "[CP] Check Pods Manifest.lock";
			outputFileListPaths = (
			);
			outputPaths = (
				"$(DERIVED_FILE_DIR)/Pods-NewsReaderTests-checkManifestLockResult.txt",
			);
			runOnlyForDeploymentPostprocessing = 0;
			shellPath = /bin/sh;
			shellScript = "diff \"${PODS_PODFILE_DIR_PATH}/Podfile.lock\" \"${PODS_ROOT}/Manifest.lock\" > /dev/null\nif [ $? != 0 ] ; then\n    # print error to STDERR\n    echo \"error: The sandbox is not in sync with the Podfile.lock. Run 'pod install' or update your CocoaPods installation.\" >&2\n    exit 1\nfi\n# This output is used by Xcode 'outputs' to avoid re-running this script phase.\necho \"SUCCESS\" > \"${SCRIPT_OUTPUT_FILE_0}\"\n";
			showEnvVarsInLog = 0;
		};
		86F7121080E72BB7656060C4 /* [CP] Embed Pods Frameworks */ = {
			isa = PBXShellScriptBuildPhase;
			buildActionMask = 2147483647;
			files = (
			);
			inputFileListPaths = (
				"${PODS_ROOT}/Target Support Files/Pods-NewsReader/Pods-NewsReader-frameworks-${CONFIGURATION}-input-files.xcfilelist",
			);
			name = "[CP] Embed Pods Frameworks";
			outputFileListPaths = (
				"${PODS_ROOT}/Target Support Files/Pods-NewsReader/Pods-NewsReader-frameworks-${CONFIGURATION}-output-files.xcfilelist",
			);
			runOnlyForDeploymentPostprocessing = 0;
			shellPath = /bin/sh;
			shellScript = "\"${PODS_ROOT}/Target Support Files/Pods-NewsReader/Pods-NewsReader-frameworks.sh\"\n";
			showEnvVarsInLog = 0;
		};
		D0403778C945C8E5FAF20DC6 /* [CP] Check Pods Manifest.lock */ = {
			isa = PBXShellScriptBuildPhase;
			buildActionMask = 2147483647;
			files = (
			);
			inputFileListPaths = (
			);
			inputPaths = (
				"${PODS_PODFILE_DIR_PATH}/Podfile.lock",
				"${PODS_ROOT}/Manifest.lock",
			);
			name = "[CP] Check Pods Manifest.lock";
			outputFileListPaths = (
			);
			outputPaths = (
				"$(DERIVED_FILE_DIR)/Pods-NewsReader-NewsReaderUITests-checkManifestLockResult.txt",
			);
			runOnlyForDeploymentPostprocessing = 0;
			shellPath = /bin/sh;
			shellScript = "diff \"${PODS_PODFILE_DIR_PATH}/Podfile.lock\" \"${PODS_ROOT}/Manifest.lock\" > /dev/null\nif [ $? != 0 ] ; then\n    # print error to STDERR\n    echo \"error: The sandbox is not in sync with the Podfile.lock. Run 'pod install' or update your CocoaPods installation.\" >&2\n    exit 1\nfi\n# This output is used by Xcode 'outputs' to avoid re-running this script phase.\necho \"SUCCESS\" > \"${SCRIPT_OUTPUT_FILE_0}\"\n";
			showEnvVarsInLog = 0;
		};
		E87DFAC45CC44819BF4D1183 /* [CP] Check Pods Manifest.lock */ = {
			isa = PBXShellScriptBuildPhase;
			buildActionMask = 2147483647;
			files = (
			);
			inputFileListPaths = (
			);
			inputPaths = (
				"${PODS_PODFILE_DIR_PATH}/Podfile.lock",
				"${PODS_ROOT}/Manifest.lock",
			);
			name = "[CP] Check Pods Manifest.lock";
			outputFileListPaths = (
			);
			outputPaths = (
				"$(DERIVED_FILE_DIR)/Pods-NewsReader-checkManifestLockResult.txt",
			);
			runOnlyForDeploymentPostprocessing = 0;
			shellPath = /bin/sh;
			shellScript = "diff \"${PODS_PODFILE_DIR_PATH}/Podfile.lock\" \"${PODS_ROOT}/Manifest.lock\" > /dev/null\nif [ $? != 0 ] ; then\n    # print error to STDERR\n    echo \"error: The sandbox is not in sync with the Podfile.lock. Run 'pod install' or update your CocoaPods installation.\" >&2\n    exit 1\nfi\n# This output is used by Xcode 'outputs' to avoid re-running this script phase.\necho \"SUCCESS\" > \"${SCRIPT_OUTPUT_FILE_0}\"\n";
			showEnvVarsInLog = 0;
		};
/* End PBXShellScriptBuildPhase section */

/* Begin PBXSourcesBuildPhase section */
		7E8D9B682CFCEDC0007BE67A /* Sources */ = {
			isa = PBXSourcesBuildPhase;
			buildActionMask = 2147483647;
			files = (
			);
			runOnlyForDeploymentPostprocessing = 0;
		};
		7E8D9B7E2CFCEDC3007BE67A /* Sources */ = {
			isa = PBXSourcesBuildPhase;
			buildActionMask = 2147483647;
			files = (
			);
			runOnlyForDeploymentPostprocessing = 0;
		};
		7E8D9B882CFCEDC3007BE67A /* Sources */ = {
			isa = PBXSourcesBuildPhase;
			buildActionMask = 2147483647;
			files = (
			);
			runOnlyForDeploymentPostprocessing = 0;
		};
/* End PBXSourcesBuildPhase section */

/* Begin PBXTargetDependency section */
		7E8D9B842CFCEDC3007BE67A /* PBXTargetDependency */ = {
			isa = PBXTargetDependency;
			target = 7E8D9B6B2CFCEDC0007BE67A /* NewsReader */;
			targetProxy = 7E8D9B832CFCEDC3007BE67A /* PBXContainerItemProxy */;
		};
		7E8D9B8E2CFCEDC3007BE67A /* PBXTargetDependency */ = {
			isa = PBXTargetDependency;
			target = 7E8D9B6B2CFCEDC0007BE67A /* NewsReader */;
			targetProxy = 7E8D9B8D2CFCEDC3007BE67A /* PBXContainerItemProxy */;
		};
/* End PBXTargetDependency section */

/* Begin XCBuildConfiguration section */
		7E8D9B962CFCEDC3007BE67A /* Debug */ = {
			isa = XCBuildConfiguration;
			baseConfigurationReference = 9A22EB67AA2EB16D6DAB4B2B /* Pods-NewsReader.debug.xcconfig */;
			buildSettings = {
				ASSETCATALOG_COMPILER_APPICON_NAME = AppIcon;
				ASSETCATALOG_COMPILER_GLOBAL_ACCENT_COLOR_NAME = AccentColor;
				CODE_SIGN_STYLE = Automatic;
				CURRENT_PROJECT_VERSION = 1;
				ENABLE_USER_SCRIPT_SANDBOXING = NO;
				GENERATE_INFOPLIST_FILE = YES;
				INFOPLIST_FILE = NewsReader/Info.plist;
				INFOPLIST_KEY_UIApplicationSupportsIndirectInputEvents = YES;
				INFOPLIST_KEY_UILaunchStoryboardName = LaunchScreen;
				INFOPLIST_KEY_UIMainStoryboardFile = "";
				INFOPLIST_KEY_UISupportedInterfaceOrientations_iPad = "UIInterfaceOrientationPortrait UIInterfaceOrientationPortraitUpsideDown UIInterfaceOrientationLandscapeLeft UIInterfaceOrientationLandscapeRight";
				INFOPLIST_KEY_UISupportedInterfaceOrientations_iPhone = "UIInterfaceOrientationPortrait UIInterfaceOrientationLandscapeLeft UIInterfaceOrientationLandscapeRight";
				LD_RUNPATH_SEARCH_PATHS = (
					"$(inherited)",
					"@executable_path/Frameworks",
				);
				MARKETING_VERSION = 1.0;
				PRODUCT_BUNDLE_IDENTIFIER = SB.NewsReader;
				PRODUCT_NAME = "$(TARGET_NAME)";
				SWIFT_EMIT_LOC_STRINGS = YES;
				SWIFT_VERSION = 5.0;
				TARGETED_DEVICE_FAMILY = "1,2";
			};
			name = Debug;
		};
		7E8D9B972CFCEDC3007BE67A /* Release */ = {
			isa = XCBuildConfiguration;
			baseConfigurationReference = 558710203BE71DD9557638A2 /* Pods-NewsReader.release.xcconfig */;
			buildSettings = {
				ASSETCATALOG_COMPILER_APPICON_NAME = AppIcon;
				ASSETCATALOG_COMPILER_GLOBAL_ACCENT_COLOR_NAME = AccentColor;
				CODE_SIGN_STYLE = Automatic;
				CURRENT_PROJECT_VERSION = 1;
				ENABLE_USER_SCRIPT_SANDBOXING = NO;
				GENERATE_INFOPLIST_FILE = YES;
				INFOPLIST_FILE = NewsReader/Info.plist;
				INFOPLIST_KEY_UIApplicationSupportsIndirectInputEvents = YES;
				INFOPLIST_KEY_UILaunchStoryboardName = LaunchScreen;
				INFOPLIST_KEY_UIMainStoryboardFile = "";
				INFOPLIST_KEY_UISupportedInterfaceOrientations_iPad = "UIInterfaceOrientationPortrait UIInterfaceOrientationPortraitUpsideDown UIInterfaceOrientationLandscapeLeft UIInterfaceOrientationLandscapeRight";
				INFOPLIST_KEY_UISupportedInterfaceOrientations_iPhone = "UIInterfaceOrientationPortrait UIInterfaceOrientationLandscapeLeft UIInterfaceOrientationLandscapeRight";
				LD_RUNPATH_SEARCH_PATHS = (
					"$(inherited)",
					"@executable_path/Frameworks",
				);
				MARKETING_VERSION = 1.0;
				PRODUCT_BUNDLE_IDENTIFIER = SB.NewsReader;
				PRODUCT_NAME = "$(TARGET_NAME)";
				SWIFT_EMIT_LOC_STRINGS = YES;
				SWIFT_VERSION = 5.0;
				TARGETED_DEVICE_FAMILY = "1,2";
			};
			name = Release;
		};
		7E8D9B982CFCEDC3007BE67A /* Debug */ = {
			isa = XCBuildConfiguration;
			buildSettings = {
				ALWAYS_SEARCH_USER_PATHS = NO;
				ASSETCATALOG_COMPILER_GENERATE_SWIFT_ASSET_SYMBOL_EXTENSIONS = YES;
				CLANG_ANALYZER_NONNULL = YES;
				CLANG_ANALYZER_NUMBER_OBJECT_CONVERSION = YES_AGGRESSIVE;
				CLANG_CXX_LANGUAGE_STANDARD = "gnu++20";
				CLANG_ENABLE_MODULES = YES;
				CLANG_ENABLE_OBJC_ARC = YES;
				CLANG_ENABLE_OBJC_WEAK = YES;
				CLANG_WARN_BLOCK_CAPTURE_AUTORELEASING = YES;
				CLANG_WARN_BOOL_CONVERSION = YES;
				CLANG_WARN_COMMA = YES;
				CLANG_WARN_CONSTANT_CONVERSION = YES;
				CLANG_WARN_DEPRECATED_OBJC_IMPLEMENTATIONS = YES;
				CLANG_WARN_DIRECT_OBJC_ISA_USAGE = YES_ERROR;
				CLANG_WARN_DOCUMENTATION_COMMENTS = YES;
				CLANG_WARN_EMPTY_BODY = YES;
				CLANG_WARN_ENUM_CONVERSION = YES;
				CLANG_WARN_INFINITE_RECURSION = YES;
				CLANG_WARN_INT_CONVERSION = YES;
				CLANG_WARN_NON_LITERAL_NULL_CONVERSION = YES;
				CLANG_WARN_OBJC_IMPLICIT_RETAIN_SELF = YES;
				CLANG_WARN_OBJC_LITERAL_CONVERSION = YES;
				CLANG_WARN_OBJC_ROOT_CLASS = YES_ERROR;
				CLANG_WARN_QUOTED_INCLUDE_IN_FRAMEWORK_HEADER = YES;
				CLANG_WARN_RANGE_LOOP_ANALYSIS = YES;
				CLANG_WARN_STRICT_PROTOTYPES = YES;
				CLANG_WARN_SUSPICIOUS_MOVE = YES;
				CLANG_WARN_UNGUARDED_AVAILABILITY = YES_AGGRESSIVE;
				CLANG_WARN_UNREACHABLE_CODE = YES;
				CLANG_WARN__DUPLICATE_METHOD_MATCH = YES;
				COPY_PHASE_STRIP = NO;
				DEBUG_INFORMATION_FORMAT = dwarf;
				ENABLE_STRICT_OBJC_MSGSEND = YES;
				ENABLE_TESTABILITY = YES;
				ENABLE_USER_SCRIPT_SANDBOXING = YES;
				GCC_C_LANGUAGE_STANDARD = gnu17;
				GCC_DYNAMIC_NO_PIC = NO;
				GCC_NO_COMMON_BLOCKS = YES;
				GCC_OPTIMIZATION_LEVEL = 0;
				GCC_PREPROCESSOR_DEFINITIONS = (
					"DEBUG=1",
					"$(inherited)",
				);
				GCC_WARN_64_TO_32_BIT_CONVERSION = YES;
				GCC_WARN_ABOUT_RETURN_TYPE = YES_ERROR;
				GCC_WARN_UNDECLARED_SELECTOR = YES;
				GCC_WARN_UNINITIALIZED_AUTOS = YES_AGGRESSIVE;
				GCC_WARN_UNUSED_FUNCTION = YES;
				GCC_WARN_UNUSED_VARIABLE = YES;
				IPHONEOS_DEPLOYMENT_TARGET = 18.1;
				LOCALIZATION_PREFERS_STRING_CATALOGS = YES;
				MTL_ENABLE_DEBUG_INFO = INCLUDE_SOURCE;
				MTL_FAST_MATH = YES;
				ONLY_ACTIVE_ARCH = YES;
				SDKROOT = iphoneos;
				SWIFT_ACTIVE_COMPILATION_CONDITIONS = "DEBUG $(inherited)";
				SWIFT_OPTIMIZATION_LEVEL = "-Onone";
			};
			name = Debug;
		};
		7E8D9B992CFCEDC3007BE67A /* Release */ = {
			isa = XCBuildConfiguration;
			buildSettings = {
				ALWAYS_SEARCH_USER_PATHS = NO;
				ASSETCATALOG_COMPILER_GENERATE_SWIFT_ASSET_SYMBOL_EXTENSIONS = YES;
				CLANG_ANALYZER_NONNULL = YES;
				CLANG_ANALYZER_NUMBER_OBJECT_CONVERSION = YES_AGGRESSIVE;
				CLANG_CXX_LANGUAGE_STANDARD = "gnu++20";
				CLANG_ENABLE_MODULES = YES;
				CLANG_ENABLE_OBJC_ARC = YES;
				CLANG_ENABLE_OBJC_WEAK = YES;
				CLANG_WARN_BLOCK_CAPTURE_AUTORELEASING = YES;
				CLANG_WARN_BOOL_CONVERSION = YES;
				CLANG_WARN_COMMA = YES;
				CLANG_WARN_CONSTANT_CONVERSION = YES;
				CLANG_WARN_DEPRECATED_OBJC_IMPLEMENTATIONS = YES;
				CLANG_WARN_DIRECT_OBJC_ISA_USAGE = YES_ERROR;
				CLANG_WARN_DOCUMENTATION_COMMENTS = YES;
				CLANG_WARN_EMPTY_BODY = YES;
				CLANG_WARN_ENUM_CONVERSION = YES;
				CLANG_WARN_INFINITE_RECURSION = YES;
				CLANG_WARN_INT_CONVERSION = YES;
				CLANG_WARN_NON_LITERAL_NULL_CONVERSION = YES;
				CLANG_WARN_OBJC_IMPLICIT_RETAIN_SELF = YES;
				CLANG_WARN_OBJC_LITERAL_CONVERSION = YES;
				CLANG_WARN_OBJC_ROOT_CLASS = YES_ERROR;
				CLANG_WARN_QUOTED_INCLUDE_IN_FRAMEWORK_HEADER = YES;
				CLANG_WARN_RANGE_LOOP_ANALYSIS = YES;
				CLANG_WARN_STRICT_PROTOTYPES = YES;
				CLANG_WARN_SUSPICIOUS_MOVE = YES;
				CLANG_WARN_UNGUARDED_AVAILABILITY = YES_AGGRESSIVE;
				CLANG_WARN_UNREACHABLE_CODE = YES;
				CLANG_WARN__DUPLICATE_METHOD_MATCH = YES;
				COPY_PHASE_STRIP = NO;
				DEBUG_INFORMATION_FORMAT = "dwarf-with-dsym";
				ENABLE_NS_ASSERTIONS = NO;
				ENABLE_STRICT_OBJC_MSGSEND = YES;
				ENABLE_USER_SCRIPT_SANDBOXING = YES;
				GCC_C_LANGUAGE_STANDARD = gnu17;
				GCC_NO_COMMON_BLOCKS = YES;
				GCC_WARN_64_TO_32_BIT_CONVERSION = YES;
				GCC_WARN_ABOUT_RETURN_TYPE = YES_ERROR;
				GCC_WARN_UNDECLARED_SELECTOR = YES;
				GCC_WARN_UNINITIALIZED_AUTOS = YES_AGGRESSIVE;
				GCC_WARN_UNUSED_FUNCTION = YES;
				GCC_WARN_UNUSED_VARIABLE = YES;
				IPHONEOS_DEPLOYMENT_TARGET = 18.1;
				LOCALIZATION_PREFERS_STRING_CATALOGS = YES;
				MTL_ENABLE_DEBUG_INFO = NO;
				MTL_FAST_MATH = YES;
				SDKROOT = iphoneos;
				SWIFT_COMPILATION_MODE = wholemodule;
				VALIDATE_PRODUCT = YES;
			};
			name = Release;
		};
		7E8D9B9B2CFCEDC3007BE67A /* Debug */ = {
			isa = XCBuildConfiguration;
			baseConfigurationReference = 1F7F5B6A992C7007C96DB7FA /* Pods-NewsReaderTests.debug.xcconfig */;
			buildSettings = {
				BUNDLE_LOADER = "$(TEST_HOST)";
				CODE_SIGN_STYLE = Automatic;
				CURRENT_PROJECT_VERSION = 1;
				GENERATE_INFOPLIST_FILE = YES;
				IPHONEOS_DEPLOYMENT_TARGET = 18.1;
				MARKETING_VERSION = 1.0;
				PRODUCT_BUNDLE_IDENTIFIER = SB.NewsReaderTests;
				PRODUCT_NAME = "$(TARGET_NAME)";
				SWIFT_EMIT_LOC_STRINGS = NO;
				SWIFT_VERSION = 5.0;
				TARGETED_DEVICE_FAMILY = "1,2";
				TEST_HOST = "$(BUILT_PRODUCTS_DIR)/NewsReader.app/$(BUNDLE_EXECUTABLE_FOLDER_PATH)/NewsReader";
			};
			name = Debug;
		};
		7E8D9B9C2CFCEDC3007BE67A /* Release */ = {
			isa = XCBuildConfiguration;
			baseConfigurationReference = 08B453C572867993D757BB71 /* Pods-NewsReaderTests.release.xcconfig */;
			buildSettings = {
				BUNDLE_LOADER = "$(TEST_HOST)";
				CODE_SIGN_STYLE = Automatic;
				CURRENT_PROJECT_VERSION = 1;
				GENERATE_INFOPLIST_FILE = YES;
				IPHONEOS_DEPLOYMENT_TARGET = 18.1;
				MARKETING_VERSION = 1.0;
				PRODUCT_BUNDLE_IDENTIFIER = SB.NewsReaderTests;
				PRODUCT_NAME = "$(TARGET_NAME)";
				SWIFT_EMIT_LOC_STRINGS = NO;
				SWIFT_VERSION = 5.0;
				TARGETED_DEVICE_FAMILY = "1,2";
				TEST_HOST = "$(BUILT_PRODUCTS_DIR)/NewsReader.app/$(BUNDLE_EXECUTABLE_FOLDER_PATH)/NewsReader";
			};
			name = Release;
		};
		7E8D9B9E2CFCEDC3007BE67A /* Debug */ = {
			isa = XCBuildConfiguration;
			baseConfigurationReference = 06193F4674BE16E38917E1D8 /* Pods-NewsReader-NewsReaderUITests.debug.xcconfig */;
			buildSettings = {
				CODE_SIGN_STYLE = Automatic;
				CURRENT_PROJECT_VERSION = 1;
				GENERATE_INFOPLIST_FILE = YES;
				MARKETING_VERSION = 1.0;
				PRODUCT_BUNDLE_IDENTIFIER = SB.NewsReaderUITests;
				PRODUCT_NAME = "$(TARGET_NAME)";
				SWIFT_EMIT_LOC_STRINGS = NO;
				SWIFT_VERSION = 5.0;
				TARGETED_DEVICE_FAMILY = "1,2";
				TEST_TARGET_NAME = NewsReader;
			};
			name = Debug;
		};
		7E8D9B9F2CFCEDC3007BE67A /* Release */ = {
			isa = XCBuildConfiguration;
			baseConfigurationReference = 1C60CEFE33EDDA4AE0CBCDB2 /* Pods-NewsReader-NewsReaderUITests.release.xcconfig */;
			buildSettings = {
				CODE_SIGN_STYLE = Automatic;
				CURRENT_PROJECT_VERSION = 1;
				GENERATE_INFOPLIST_FILE = YES;
				MARKETING_VERSION = 1.0;
				PRODUCT_BUNDLE_IDENTIFIER = SB.NewsReaderUITests;
				PRODUCT_NAME = "$(TARGET_NAME)";
				SWIFT_EMIT_LOC_STRINGS = NO;
				SWIFT_VERSION = 5.0;
				TARGETED_DEVICE_FAMILY = "1,2";
				TEST_TARGET_NAME = NewsReader;
			};
			name = Release;
		};
/* End XCBuildConfiguration section */

/* Begin XCConfigurationList section */
		7E8D9B672CFCEDC0007BE67A /* Build configuration list for PBXProject "NewsReader" */ = {
			isa = XCConfigurationList;
			buildConfigurations = (
				7E8D9B982CFCEDC3007BE67A /* Debug */,
				7E8D9B992CFCEDC3007BE67A /* Release */,
			);
			defaultConfigurationIsVisible = 0;
			defaultConfigurationName = Release;
		};
		7E8D9B952CFCEDC3007BE67A /* Build configuration list for PBXNativeTarget "NewsReader" */ = {
			isa = XCConfigurationList;
			buildConfigurations = (
				7E8D9B962CFCEDC3007BE67A /* Debug */,
				7E8D9B972CFCEDC3007BE67A /* Release */,
			);
			defaultConfigurationIsVisible = 0;
			defaultConfigurationName = Release;
		};
		7E8D9B9A2CFCEDC3007BE67A /* Build configuration list for PBXNativeTarget "NewsReaderTests" */ = {
			isa = XCConfigurationList;
			buildConfigurations = (
				7E8D9B9B2CFCEDC3007BE67A /* Debug */,
				7E8D9B9C2CFCEDC3007BE67A /* Release */,
			);
			defaultConfigurationIsVisible = 0;
			defaultConfigurationName = Release;
		};
		7E8D9B9D2CFCEDC3007BE67A /* Build configuration list for PBXNativeTarget "NewsReaderUITests" */ = {
			isa = XCConfigurationList;
			buildConfigurations = (
				7E8D9B9E2CFCEDC3007BE67A /* Debug */,
				7E8D9B9F2CFCEDC3007BE67A /* Release */,
			);
			defaultConfigurationIsVisible = 0;
			defaultConfigurationName = Release;
		};
/* End XCConfigurationList section */
	};
	rootObject = 7E8D9B642CFCEDC0007BE67A /* Project object */;
}
